
Microsoft Visual Studio Solution File, Format Version 12.00
# Visual Studio Version 17
VisualStudioVersion = 17.9.34622.214
MinimumVisualStudioVersion = 10.0.40219.1
Project("{FAE04EC0-301F-11D3-BF4B-00C04F79EFBC}") = "Lyrical Typing Game", "Lyrical Typing Game\Lyrical Typing Game.csproj", "{DAEAA889-8D92-42DE-8FD4-5F610E5B0210}"
EndProject
Global
	GlobalSection(SolutionConfigurationPlatforms) = preSolution
		Debug|Any CPU = Debug|Any CPU
		Release|Any CPU = Release|Any CPU
	EndGlobalSection
	GlobalSection(ProjectConfigurationPlatforms) = postSolution
		{DAEAA889-8D92-42DE-8FD4-5F610E5B0210}.Debug|Any CPU.ActiveCfg = Debug|Any CPU
		{DAEAA889-8D92-42DE-8FD4-5F610E5B0210}.Debug|Any CPU.Build.0 = Debug|Any CPU
		{DAEAA889-8D92-42DE-8FD4-5F610E5B0210}.Release|Any CPU.ActiveCfg = Release|Any CPU
		{DAEAA889-8D92-42DE-8FD4-5F610E5B0210}.Release|Any CPU.Build.0 = Release|Any CPU
	EndGlobalSection
	GlobalSection(SolutionProperties) = preSolution
		HideSolutionNode = FALSE
	EndGlobalSection
	GlobalSection(ExtensibilityGlobals) = postSolution
		SolutionGuid = {E365E6F5-DBFD-429C-BCA7-2107C6ABC67A}
	EndGlobalSection
EndGlobal
